// !$*UTF8*$!
{
	archiveVersion = 1;
	classes = {
	};
	objectVersion = 48;
	objects = {

/* Begin PBXBuildFile section */
		EA2CA4002089C00800CF639B /* AppDelegate.swift in Sources */ = {isa = PBXBuildFile; fileRef = EA2CA3FF2089C00800CF639B /* AppDelegate.swift */; };
		EA2CA4022089C00800CF639B /* ConcentrationViewController.swift in Sources */ = {isa = PBXBuildFile; fileRef = EA2CA4012089C00800CF639B /* ConcentrationViewController.swift */; };
		EA2CA4052089C00800CF639B /* Main.storyboard in Resources */ = {isa = PBXBuildFile; fileRef = EA2CA4032089C00800CF639B /* Main.storyboard */; };
		EA2CA4072089C00800CF639B /* Assets.xcassets in Resources */ = {isa = PBXBuildFile; fileRef = EA2CA4062089C00800CF639B /* Assets.xcassets */; };
		EA2CA40A2089C00800CF639B /* LaunchScreen.storyboard in Resources */ = {isa = PBXBuildFile; fileRef = EA2CA4082089C00800CF639B /* LaunchScreen.storyboard */; };
		EA2CA4122089C33900CF639B /* Concentration.swift in Sources */ = {isa = PBXBuildFile; fileRef = EA2CA4112089C33900CF639B /* Concentration.swift */; };
		EA2CA4142089DFAD00CF639B /* Card.swift in Sources */ = {isa = PBXBuildFile; fileRef = EA2CA4132089DFAD00CF639B /* Card.swift */; };
		EA483C5B2096C9D1001C3120 /* ConcentrationThemeChooserViewController.swift in Sources */ = {isa = PBXBuildFile; fileRef = EA483C5A2096C9D1001C3120 /* ConcentrationThemeChooserViewController.swift */; };
		EAEB036F208A1A4E0062A94A /* readme.md in Resources */ = {isa = PBXBuildFile; fileRef = EAEB036E208A1A4E0062A94A /* readme.md */; };
/* End PBXBuildFile section */

/* Begin PBXFileReference section */
		EA2CA3FC2089C00800CF639B /* Concentration.app */ = {isa = PBXFileReference; explicitFileType = wrapper.application; includeInIndex = 0; path = Concentration.app; sourceTree = BUILT_PRODUCTS_DIR; };
		EA2CA3FF2089C00800CF639B /* AppDelegate.swift */ = {isa = PBXFileReference; lastKnownFileType = sourcecode.swift; path = AppDelegate.swift; sourceTree = "<group>"; };
		EA2CA4012089C00800CF639B /* ConcentrationViewController.swift */ = {isa = PBXFileReference; lastKnownFileType = sourcecode.swift; path = ConcentrationViewController.swift; sourceTree = "<group>"; };
		EA2CA4042089C00800CF639B /* Base */ = {isa = PBXFileReference; lastKnownFileType = file.storyboard; name = Base; path = Base.lproj/Main.storyboard; sourceTree = "<group>"; };
		EA2CA4062089C00800CF639B /* Assets.xcassets */ = {isa = PBXFileReference; lastKnownFileType = folder.assetcatalog; path = Assets.xcassets; sourceTree = "<group>"; };
		EA2CA4092089C00800CF639B /* Base */ = {isa = PBXFileReference; lastKnownFileType = file.storyboard; name = Base; path = Base.lproj/LaunchScreen.storyboard; sourceTree = "<group>"; };
		EA2CA40B2089C00800CF639B /* Info.plist */ = {isa = PBXFileReference; lastKnownFileType = text.plist.xml; path = Info.plist; sourceTree = "<group>"; };
		EA2CA4112089C33900CF639B /* Concentration.swift */ = {isa = PBXFileReference; lastKnownFileType = sourcecode.swift; path = Concentration.swift; sourceTree = "<group>"; };
		EA2CA4132089DFAD00CF639B /* Card.swift */ = {isa = PBXFileReference; lastKnownFileType = sourcecode.swift; path = Card.swift; sourceTree = "<group>"; };
		EA483C5A2096C9D1001C3120 /* ConcentrationThemeChooserViewController.swift */ = {isa = PBXFileReference; lastKnownFileType = sourcecode.swift; path = ConcentrationThemeChooserViewController.swift; sourceTree = "<group>"; };
		EAEB036E208A1A4E0062A94A /* readme.md */ = {isa = PBXFileReference; lastKnownFileType = net.daringfireball.markdown; path = readme.md; sourceTree = "<group>"; };
/* End PBXFileReference section */

/* Begin PBXFrameworksBuildPhase section */
		EA2CA3F92089C00800CF639B /* Frameworks */ = {
			isa = PBXFrameworksBuildPhase;
			buildActionMask = 2147483647;
			files = (
			);
			runOnlyForDeploymentPostprocessing = 0;
		};
/* End PBXFrameworksBuildPhase section */

/* Begin PBXGroup section */
		EA2CA3F32089C00800CF639B = {
			isa = PBXGroup;
			children = (
				EAEB036E208A1A4E0062A94A /* readme.md */,
				EA2CA3FE2089C00800CF639B /* Concentration */,
				EA2CA3FD2089C00800CF639B /* Products */,
			);
			sourceTree = "<group>";
		};
		EA2CA3FD2089C00800CF639B /* Products */ = {
			isa = PBXGroup;
			children = (
				EA2CA3FC2089C00800CF639B /* Concentration.app */,
			);
			name = Products;
			sourceTree = "<group>";
		};
		EA2CA3FE2089C00800CF639B /* Concentration */ = {
			isa = PBXGroup;
			children = (
				EA483C5A2096C9D1001C3120 /* ConcentrationThemeChooserViewController.swift */,
				EA2CA3FF2089C00800CF639B /* AppDelegate.swift */,
				EA2CA4012089C00800CF639B /* ConcentrationViewController.swift */,
				EA2CA4032089C00800CF639B /* Main.storyboard */,
				EA2CA4112089C33900CF639B /* Concentration.swift */,
				EA2CA4132089DFAD00CF639B /* Card.swift */,
				EA2CA4062089C00800CF639B /* Assets.xcassets */,
				EA2CA4082089C00800CF639B /* LaunchScreen.storyboard */,
				EA2CA40B2089C00800CF639B /* Info.plist */,
			);
			path = Concentration;
			sourceTree = "<group>";
		};
/* End PBXGroup section */

/* Begin PBXNativeTarget section */
		EA2CA3FB2089C00800CF639B /* Concentration */ = {
			isa = PBXNativeTarget;
			buildConfigurationList = EA2CA40E2089C00800CF639B /* Build configuration list for PBXNativeTarget "Concentration" */;
			buildPhases = (
				EA2CA3F82089C00800CF639B /* Sources */,
				EA2CA3F92089C00800CF639B /* Frameworks */,
				EA2CA3FA2089C00800CF639B /* Resources */,
			);
			buildRules = (
			);
			dependencies = (
			);
			name = Concentration;
			productName = Concentration;
			productReference = EA2CA3FC2089C00800CF639B /* Concentration.app */;
			productType = "com.apple.product-type.application";
		};
/* End PBXNativeTarget section */

/* Begin PBXProject section */
		EA2CA3F42089C00800CF639B /* Project object */ = {
			isa = PBXProject;
			attributes = {
				LastSwiftUpdateCheck = 0920;
				LastUpgradeCheck = 0920;
				ORGANIZATIONNAME = "Monil Gandhi";
				TargetAttributes = {
					EA2CA3FB2089C00800CF639B = {
						CreatedOnToolsVersion = 9.2;
						ProvisioningStyle = Automatic;
					};
				};
			};
			buildConfigurationList = EA2CA3F72089C00800CF639B /* Build configuration list for PBXProject "Concentration" */;
			compatibilityVersion = "Xcode 8.0";
			developmentRegion = en;
			hasScannedForEncodings = 0;
			knownRegions = (
				en,
				Base,
			);
			mainGroup = EA2CA3F32089C00800CF639B;
			productRefGroup = EA2CA3FD2089C00800CF639B /* Products */;
			projectDirPath = "";
			projectRoot = "";
			targets = (
				EA2CA3FB2089C00800CF639B /* Concentration */,
			);
		};
/* End PBXProject section */

/* Begin PBXResourcesBuildPhase section */
		EA2CA3FA2089C00800CF639B /* Resources */ = {
			isa = PBXResourcesBuildPhase;
			buildActionMask = 2147483647;
			files = (
				EA2CA40A2089C00800CF639B /* LaunchScreen.storyboard in Resources */,
				EA2CA4072089C00800CF639B /* Assets.xcassets in Resources */,
				EAEB036F208A1A4E0062A94A /* readme.md in Resources */,
				EA2CA4052089C00800CF639B /* Main.storyboard in Resources */,
			);
			runOnlyForDeploymentPostprocessing = 0;
		};
/* End PBXResourcesBuildPhase section */

/* Begin PBXSourcesBuildPhase section */
		EA2CA3F82089C00800CF639B /* Sources */ = {
			isa = PBXSourcesBuildPhase;
			buildActionMask = 2147483647;
			files = (
				EA483C5B2096C9D1001C3120 /* ConcentrationThemeChooserViewController.swift in Sources */,
				EA2CA4022089C00800CF639B /* ConcentrationViewController.swift in Sources */,
				EA2CA4002089C00800CF639B /* AppDelegate.swift in Sources */,
				EA2CA4122089C33900CF639B /* Concentration.swift in Sources */,
				EA2CA4142089DFAD00CF639B /* Card.swift in Sources */,
			);
			runOnlyForDeploymentPostprocessing = 0;
		};
/* End PBXSourcesBuildPhase section */

/* Begin PBXVariantGroup section */
		EA2CA4032089C00800CF639B /* Main.storyboard */ = {
			isa = PBXVariantGroup;
			children = (
				EA2CA4042089C00800CF639B /* Base */,
			);
			name = Main.storyboard;
			sourceTree = "<group>";
		};
		EA2CA4082089C00800CF639B /* LaunchScreen.storyboard */ = {
			isa = PBXVariantGroup;
			children = (
				EA2CA4092089C00800CF639B /* Base */,
			);
			name = LaunchScreen.storyboard;
			sourceTree = "<group>";
		};
/* End PBXVariantGroup section */

/* Begin XCBuildConfiguration section */
		EA2CA40C2089C00800CF639B /* Debug */ = {
			isa = XCBuildConfiguration;
			buildSettings = {
				ALWAYS_SEARCH_USER_PATHS = NO;
				CLANG_ANALYZER_NONNULL = YES;
				CLANG_ANALYZER_NUMBER_OBJECT_CONVERSION = YES_AGGRESSIVE;
				CLANG_CXX_LANGUAGE_STANDARD = "gnu++14";
				CLANG_CXX_LIBRARY = "libc++";
				CLANG_ENABLE_MODULES = YES;
				CLANG_ENABLE_OBJC_ARC = YES;
				CLANG_WARN_BLOCK_CAPTURE_AUTORELEASING = YES;
				CLANG_WARN_BOOL_CONVERSION = YES;
				CLANG_WARN_COMMA = YES;
				CLANG_WARN_CONSTANT_CONVERSION = YES;
				CLANG_WARN_DIRECT_OBJC_ISA_USAGE = YES_ERROR;
				CLANG_WARN_DOCUMENTATION_COMMENTS = YES;
				CLANG_WARN_EMPTY_BODY = YES;
				CLANG_WARN_ENUM_CONVERSION = YES;
				CLANG_WARN_INFINITE_RECURSION = YES;
				CLANG_WARN_INT_CONVERSION = YES;
				CLANG_WARN_NON_LITERAL_NULL_CONVERSION = YES;
				CLANG_WARN_OBJC_LITERAL_CONVERSION = YES;
				CLANG_WARN_OBJC_ROOT_CLASS = YES_ERROR;
				CLANG_WARN_RANGE_LOOP_ANALYSIS = YES;
				CLANG_WARN_STRICT_PROTOTYPES = YES;
				CLANG_WARN_SUSPICIOUS_MOVE = YES;
				CLANG_WARN_UNGUARDED_AVAILABILITY = YES_AGGRESSIVE;
				CLANG_WARN_UNREACHABLE_CODE = YES;
				CLANG_WARN__DUPLICATE_METHOD_MATCH = YES;
				CODE_SIGN_IDENTITY = "iPhone Developer";
				COPY_PHASE_STRIP = NO;
				DEBUG_INFORMATION_FORMAT = dwarf;
				ENABLE_STRICT_OBJC_MSGSEND = YES;
				ENABLE_TESTABILITY = YES;
				GCC_C_LANGUAGE_STANDARD = gnu11;
				GCC_DYNAMIC_NO_PIC = NO;
				GCC_NO_COMMON_BLOCKS = YES;
				GCC_OPTIMIZATION_LEVEL = 0;
				GCC_PREPROCESSOR_DEFINITIONS = (
					"DEBUG=1",
					"$(inherited)",
				);
				GCC_WARN_64_TO_32_BIT_CONVERSION = YES;
				GCC_WARN_ABOUT_RETURN_TYPE = YES_ERROR;
				GCC_WARN_UNDECLARED_SELECTOR = YES;
				GCC_WARN_UNINITIALIZED_AUTOS = YES_AGGRESSIVE;
				GCC_WARN_UNUSED_FUNCTION = YES;
				GCC_WARN_UNUSED_VARIABLE = YES;
				IPHONEOS_DEPLOYMENT_TARGET = 11.2;
				MTL_ENABLE_DEBUG_INFO = YES;
				ONLY_ACTIVE_ARCH = YES;
				SDKROOT = iphoneos;
				SWIFT_ACTIVE_COMPILATION_CONDITIONS = DEBUG;
				SWIFT_OPTIMIZATION_LEVEL = "-Onone";
			};
			name = Debug;
		};
		EA2CA40D2089C00800CF639B /* Release */ = {
			isa = XCBuildConfiguration;
			buildSettings = {
				ALWAYS_SEARCH_USER_PATHS = NO;
				CLANG_ANALYZER_NONNULL = YES;
				CLANG_ANALYZER_NUMBER_OBJECT_CONVERSION = YES_AGGRESSIVE;
				CLANG_CXX_LANGUAGE_STANDARD = "gnu++14";
				CLANG_CXX_LIBRARY = "libc++";
				CLANG_ENABLE_MODULES = YES;
				CLANG_ENABLE_OBJC_ARC = YES;
				CLANG_WARN_BLOCK_CAPTURE_AUTORELEASING = YES;
				CLANG_WARN_BOOL_CONVERSION = YES;
				CLANG_WARN_COMMA = YES;
				CLANG_WARN_CONSTANT_CONVERSION = YES;
				CLANG_WARN_DIRECT_OBJC_ISA_USAGE = YES_ERROR;
				CLANG_WARN_DOCUMENTATION_COMMENTS = YES;
				CLANG_WARN_EMPTY_BODY = YES;
				CLANG_WARN_ENUM_CONVERSION = YES;
				CLANG_WARN_INFINITE_RECURSION = YES;
				CLANG_WARN_INT_CONVERSION = YES;
				CLANG_WARN_NON_LITERAL_NULL_CONVERSION = YES;
				CLANG_WARN_OBJC_LITERAL_CONVERSION = YES;
				CLANG_WARN_OBJC_ROOT_CLASS = YES_ERROR;
				CLANG_WARN_RANGE_LOOP_ANALYSIS = YES;
				CLANG_WARN_STRICT_PROTOTYPES = YES;
				CLANG_WARN_SUSPICIOUS_MOVE = YES;
				CLANG_WARN_UNGUARDED_AVAILABILITY = YES_AGGRESSIVE;
				CLANG_WARN_UNREACHABLE_CODE = YES;
				CLANG_WARN__DUPLICATE_METHOD_MATCH = YES;
				CODE_SIGN_IDENTITY = "iPhone Developer";
				COPY_PHASE_STRIP = NO;
				DEBUG_INFORMATION_FORMAT = "dwarf-with-dsym";
				ENABLE_NS_ASSERTIONS = NO;
				ENABLE_STRICT_OBJC_MSGSEND = YES;
				GCC_C_LANGUAGE_STANDARD = gnu11;
				GCC_NO_COMMON_BLOCKS = YES;
				GCC_WARN_64_TO_32_BIT_CONVERSION = YES;
				GCC_WARN_ABOUT_RETURN_TYPE = YES_ERROR;
				GCC_WARN_UNDECLARED_SELECTOR = YES;
				GCC_WARN_UNINITIALIZED_AUTOS = YES_AGGRESSIVE;
				GCC_WARN_UNUSED_FUNCTION = YES;
				GCC_WARN_UNUSED_VARIABLE = YES;
				IPHONEOS_DEPLOYMENT_TARGET = 11.2;
				MTL_ENABLE_DEBUG_INFO = NO;
				SDKROOT = iphoneos;
				SWIFT_OPTIMIZATION_LEVEL = "-Owholemodule";
				VALIDATE_PRODUCT = YES;
			};
			name = Release;
		};
		EA2CA40F2089C00800CF639B /* Debug */ = {
			isa = XCBuildConfiguration;
			buildSettings = {
				ASSETCATALOG_COMPILER_APPICON_NAME = AppIcon;
				CODE_SIGN_STYLE = Automatic;
				INFOPLIST_FILE = Concentration/Info.plist;
				LD_RUNPATH_SEARCH_PATHS = "$(inherited) @executable_path/Frameworks";
				PRODUCT_BUNDLE_IDENTIFIER = com.volansys.Concentration;
				PRODUCT_NAME = "$(TARGET_NAME)";
				SWIFT_VERSION = 4.0;
				TARGETED_DEVICE_FAMILY = "1,2";
			};
			name = Debug;
		};
		EA2CA4102089C00800CF639B /* Release */ = {
			isa = XCBuildConfiguration;
			buildSettings = {
				ASSETCATALOG_COMPILER_APPICON_NAME = AppIcon;
				CODE_SIGN_STYLE = Automatic;
				INFOPLIST_FILE = Concentration/Info.plist;
				LD_RUNPATH_SEARCH_PATHS = "$(inherited) @executable_path/Frameworks";
				PRODUCT_BUNDLE_IDENTIFIER = com.volansys.Concentration;
				PRODUCT_NAME = "$(TARGET_NAME)";
				SWIFT_VERSION = 4.0;
				TARGETED_DEVICE_FAMILY = "1,2";
			};
			name = Release;
		};
/* End XCBuildConfiguration section */

/* Begin XCConfigurationList section */
		EA2CA3F72089C00800CF639B /* Build configuration list for PBXProject "Concentration" */ = {
			isa = XCConfigurationList;
			buildConfigurations = (
				EA2CA40C2089C00800CF639B /* Debug */,
				EA2CA40D2089C00800CF639B /* Release */,
			);
			defaultConfigurationIsVisible = 0;
			defaultConfigurationName = Release;
		};
		EA2CA40E2089C00800CF639B /* Build configuration list for PBXNativeTarget "Concentration" */ = {
			isa = XCConfigurationList;
			buildConfigurations = (
				EA2CA40F2089C00800CF639B /* Debug */,
				EA2CA4102089C00800CF639B /* Release */,
			);
			defaultConfigurationIsVisible = 0;
			defaultConfigurationName = Release;
		};
/* End XCConfigurationList section */
	};
	rootObject = EA2CA3F42089C00800CF639B /* Project object */;
}
