// !$*UTF8*$!
{
	archiveVersion = 1;
	classes = {
	};
	objectVersion = 48;
	objects = {

/* Begin PBXBuildFile section */
		EA277A1620F4C2D100F2E44C /* AppDelegate.m in Sources */ = {isa = PBXBuildFile; fileRef = EA277A1520F4C2D100F2E44C /* AppDelegate.m */; };
		EA277A1920F4C2D100F2E44C /* ViewController.m in Sources */ = {isa = PBXBuildFile; fileRef = EA277A1820F4C2D100F2E44C /* ViewController.m */; };
		EA277A1C20F4C2D100F2E44C /* Main.storyboard in Resources */ = {isa = PBXBuildFile; fileRef = EA277A1A20F4C2D100F2E44C /* Main.storyboard */; };
		EA277A1E20F4C2D200F2E44C /* Assets.xcassets in Resources */ = {isa = PBXBuildFile; fileRef = EA277A1D20F4C2D200F2E44C /* Assets.xcassets */; };
		EA277A2120F4C2D200F2E44C /* LaunchScreen.storyboard in Resources */ = {isa = PBXBuildFile; fileRef = EA277A1F20F4C2D200F2E44C /* LaunchScreen.storyboard */; };
		EA277A2420F4C2D200F2E44C /* main.m in Sources */ = {isa = PBXBuildFile; fileRef = EA277A2320F4C2D200F2E44C /* main.m */; };
		EA277A2E20F4C47300F2E44C /* MapKit.framework in Frameworks */ = {isa = PBXBuildFile; fileRef = EA277A2C20F4C45C00F2E44C /* MapKit.framework */; };
/* End PBXBuildFile section */

/* Begin PBXFileReference section */
		EA277A1120F4C2D100F2E44C /* ArrestsPlotter.app */ = {isa = PBXFileReference; explicitFileType = wrapper.application; includeInIndex = 0; path = ArrestsPlotter.app; sourceTree = BUILT_PRODUCTS_DIR; };
		EA277A1420F4C2D100F2E44C /* AppDelegate.h */ = {isa = PBXFileReference; lastKnownFileType = sourcecode.c.h; path = AppDelegate.h; sourceTree = "<group>"; };
		EA277A1520F4C2D100F2E44C /* AppDelegate.m */ = {isa = PBXFileReference; lastKnownFileType = sourcecode.c.objc; path = AppDelegate.m; sourceTree = "<group>"; };
		EA277A1720F4C2D100F2E44C /* ViewController.h */ = {isa = PBXFileReference; lastKnownFileType = sourcecode.c.h; path = ViewController.h; sourceTree = "<group>"; };
		EA277A1820F4C2D100F2E44C /* ViewController.m */ = {isa = PBXFileReference; lastKnownFileType = sourcecode.c.objc; path = ViewController.m; sourceTree = "<group>"; };
		EA277A1B20F4C2D100F2E44C /* Base */ = {isa = PBXFileReference; lastKnownFileType = file.storyboard; name = Base; path = Base.lproj/Main.storyboard; sourceTree = "<group>"; };
		EA277A1D20F4C2D200F2E44C /* Assets.xcassets */ = {isa = PBXFileReference; lastKnownFileType = folder.assetcatalog; path = Assets.xcassets; sourceTree = "<group>"; };
		EA277A2020F4C2D200F2E44C /* Base */ = {isa = PBXFileReference; lastKnownFileType = file.storyboard; name = Base; path = Base.lproj/LaunchScreen.storyboard; sourceTree = "<group>"; };
		EA277A2220F4C2D200F2E44C /* Info.plist */ = {isa = PBXFileReference; lastKnownFileType = text.plist.xml; path = Info.plist; sourceTree = "<group>"; };
		EA277A2320F4C2D200F2E44C /* main.m */ = {isa = PBXFileReference; lastKnownFileType = sourcecode.c.objc; path = main.m; sourceTree = "<group>"; };
		EA277A2C20F4C45C00F2E44C /* MapKit.framework */ = {isa = PBXFileReference; lastKnownFileType = wrapper.framework; name = MapKit.framework; path = System/Library/Frameworks/MapKit.framework; sourceTree = SDKROOT; };
/* End PBXFileReference section */

/* Begin PBXFrameworksBuildPhase section */
		EA277A0E20F4C2D100F2E44C /* Frameworks */ = {
			isa = PBXFrameworksBuildPhase;
			buildActionMask = 2147483647;
			files = (
				EA277A2E20F4C47300F2E44C /* MapKit.framework in Frameworks */,
			);
			runOnlyForDeploymentPostprocessing = 0;
		};
/* End PBXFrameworksBuildPhase section */

/* Begin PBXGroup section */
		EA277A0820F4C2D100F2E44C = {
			isa = PBXGroup;
			children = (
				EA277A1320F4C2D100F2E44C /* ArrestsPlotter */,
				EA277A1220F4C2D100F2E44C /* Products */,
				EA277A2B20F4C45C00F2E44C /* Frameworks */,
			);
			sourceTree = "<group>";
		};
		EA277A1220F4C2D100F2E44C /* Products */ = {
			isa = PBXGroup;
			children = (
				EA277A1120F4C2D100F2E44C /* ArrestsPlotter.app */,
			);
			name = Products;
			sourceTree = "<group>";
		};
		EA277A1320F4C2D100F2E44C /* ArrestsPlotter */ = {
			isa = PBXGroup;
			children = (
				EA277A2A20F4C31600F2E44C /* Supporting Files */,
				EA277A1720F4C2D100F2E44C /* ViewController.h */,
				EA277A1820F4C2D100F2E44C /* ViewController.m */,
				EA277A1A20F4C2D100F2E44C /* Main.storyboard */,
				EA277A1F20F4C2D200F2E44C /* LaunchScreen.storyboard */,
				EA277A2220F4C2D200F2E44C /* Info.plist */,
			);
			path = ArrestsPlotter;
			sourceTree = "<group>";
		};
		EA277A2A20F4C31600F2E44C /* Supporting Files */ = {
			isa = PBXGroup;
			children = (
				EA277A1420F4C2D100F2E44C /* AppDelegate.h */,
				EA277A1520F4C2D100F2E44C /* AppDelegate.m */,
				EA277A1D20F4C2D200F2E44C /* Assets.xcassets */,
				EA277A2320F4C2D200F2E44C /* main.m */,
			);
			path = "Supporting Files";
			sourceTree = "<group>";
		};
		EA277A2B20F4C45C00F2E44C /* Frameworks */ = {
			isa = PBXGroup;
			children = (
				EA277A2C20F4C45C00F2E44C /* MapKit.framework */,
			);
			name = Frameworks;
			sourceTree = "<group>";
		};
/* End PBXGroup section */

/* Begin PBXNativeTarget section */
		EA277A1020F4C2D100F2E44C /* ArrestsPlotter */ = {
			isa = PBXNativeTarget;
			buildConfigurationList = EA277A2720F4C2D200F2E44C /* Build configuration list for PBXNativeTarget "ArrestsPlotter" */;
			buildPhases = (
				EA277A0D20F4C2D100F2E44C /* Sources */,
				EA277A0E20F4C2D100F2E44C /* Frameworks */,
				EA277A0F20F4C2D100F2E44C /* Resources */,
			);
			buildRules = (
			);
			dependencies = (
			);
			name = ArrestsPlotter;
			productName = ArrestsPlotter;
			productReference = EA277A1120F4C2D100F2E44C /* ArrestsPlotter.app */;
			productType = "com.apple.product-type.application";
		};
/* End PBXNativeTarget section */

/* Begin PBXProject section */
		EA277A0920F4C2D100F2E44C /* Project object */ = {
			isa = PBXProject;
			attributes = {
				LastUpgradeCheck = 0920;
				ORGANIZATIONNAME = "Monil Gandhi";
				TargetAttributes = {
					EA277A1020F4C2D100F2E44C = {
						CreatedOnToolsVersion = 9.2;
						ProvisioningStyle = Automatic;
					};
				};
			};
			buildConfigurationList = EA277A0C20F4C2D100F2E44C /* Build configuration list for PBXProject "ArrestsPlotter" */;
			compatibilityVersion = "Xcode 8.0";
			developmentRegion = en;
			hasScannedForEncodings = 0;
			knownRegions = (
				en,
				Base,
			);
			mainGroup = EA277A0820F4C2D100F2E44C;
			productRefGroup = EA277A1220F4C2D100F2E44C /* Products */;
			projectDirPath = "";
			projectRoot = "";
			targets = (
				EA277A1020F4C2D100F2E44C /* ArrestsPlotter */,
			);
		};
/* End PBXProject section */

/* Begin PBXResourcesBuildPhase section */
		EA277A0F20F4C2D100F2E44C /* Resources */ = {
			isa = PBXResourcesBuildPhase;
			buildActionMask = 2147483647;
			files = (
				EA277A2120F4C2D200F2E44C /* LaunchScreen.storyboard in Resources */,
				EA277A1E20F4C2D200F2E44C /* Assets.xcassets in Resources */,
				EA277A1C20F4C2D100F2E44C /* Main.storyboard in Resources */,
			);
			runOnlyForDeploymentPostprocessing = 0;
		};
/* End PBXResourcesBuildPhase section */

/* Begin PBXSourcesBuildPhase section */
		EA277A0D20F4C2D100F2E44C /* Sources */ = {
			isa = PBXSourcesBuildPhase;
			buildActionMask = 2147483647;
			files = (
				EA277A1920F4C2D100F2E44C /* ViewController.m in Sources */,
				EA277A2420F4C2D200F2E44C /* main.m in Sources */,
				EA277A1620F4C2D100F2E44C /* AppDelegate.m in Sources */,
			);
			runOnlyForDeploymentPostprocessing = 0;
		};
/* End PBXSourcesBuildPhase section */

/* Begin PBXVariantGroup section */
		EA277A1A20F4C2D100F2E44C /* Main.storyboard */ = {
			isa = PBXVariantGroup;
			children = (
				EA277A1B20F4C2D100F2E44C /* Base */,
			);
			name = Main.storyboard;
			sourceTree = "<group>";
		};
		EA277A1F20F4C2D200F2E44C /* LaunchScreen.storyboard */ = {
			isa = PBXVariantGroup;
			children = (
				EA277A2020F4C2D200F2E44C /* Base */,
			);
			name = LaunchScreen.storyboard;
			sourceTree = "<group>";
		};
/* End PBXVariantGroup section */

/* Begin XCBuildConfiguration section */
		EA277A2520F4C2D200F2E44C /* Debug */ = {
			isa = XCBuildConfiguration;
			buildSettings = {
				ALWAYS_SEARCH_USER_PATHS = NO;
				CLANG_ANALYZER_NONNULL = YES;
				CLANG_ANALYZER_NUMBER_OBJECT_CONVERSION = YES_AGGRESSIVE;
				CLANG_CXX_LANGUAGE_STANDARD = "gnu++14";
				CLANG_CXX_LIBRARY = "libc++";
				CLANG_ENABLE_MODULES = YES;
				CLANG_ENABLE_OBJC_ARC = YES;
				CLANG_WARN_BLOCK_CAPTURE_AUTORELEASING = YES;
				CLANG_WARN_BOOL_CONVERSION = YES;
				CLANG_WARN_COMMA = YES;
				CLANG_WARN_CONSTANT_CONVERSION = YES;
				CLANG_WARN_DIRECT_OBJC_ISA_USAGE = YES_ERROR;
				CLANG_WARN_DOCUMENTATION_COMMENTS = YES;
				CLANG_WARN_EMPTY_BODY = YES;
				CLANG_WARN_ENUM_CONVERSION = YES;
				CLANG_WARN_INFINITE_RECURSION = YES;
				CLANG_WARN_INT_CONVERSION = YES;
				CLANG_WARN_NON_LITERAL_NULL_CONVERSION = YES;
				CLANG_WARN_OBJC_LITERAL_CONVERSION = YES;
				CLANG_WARN_OBJC_ROOT_CLASS = YES_ERROR;
				CLANG_WARN_RANGE_LOOP_ANALYSIS = YES;
				CLANG_WARN_STRICT_PROTOTYPES = YES;
				CLANG_WARN_SUSPICIOUS_MOVE = YES;
				CLANG_WARN_UNGUARDED_AVAILABILITY = YES_AGGRESSIVE;
				CLANG_WARN_UNREACHABLE_CODE = YES;
				CLANG_WARN__DUPLICATE_METHOD_MATCH = YES;
				CODE_SIGN_IDENTITY = "iPhone Developer";
				COPY_PHASE_STRIP = NO;
				DEBUG_INFORMATION_FORMAT = dwarf;
				ENABLE_STRICT_OBJC_MSGSEND = YES;
				ENABLE_TESTABILITY = YES;
				GCC_C_LANGUAGE_STANDARD = gnu11;
				GCC_DYNAMIC_NO_PIC = NO;
				GCC_NO_COMMON_BLOCKS = YES;
				GCC_OPTIMIZATION_LEVEL = 0;
				GCC_PREPROCESSOR_DEFINITIONS = (
					"DEBUG=1",
					"$(inherited)",
				);
				GCC_WARN_64_TO_32_BIT_CONVERSION = YES;
				GCC_WARN_ABOUT_RETURN_TYPE = YES_ERROR;
				GCC_WARN_UNDECLARED_SELECTOR = YES;
				GCC_WARN_UNINITIALIZED_AUTOS = YES_AGGRESSIVE;
				GCC_WARN_UNUSED_FUNCTION = YES;
				GCC_WARN_UNUSED_VARIABLE = YES;
				IPHONEOS_DEPLOYMENT_TARGET = 11.2;
				MTL_ENABLE_DEBUG_INFO = YES;
				ONLY_ACTIVE_ARCH = YES;
				SDKROOT = iphoneos;
			};
			name = Debug;
		};
		EA277A2620F4C2D200F2E44C /* Release */ = {
			isa = XCBuildConfiguration;
			buildSettings = {
				ALWAYS_SEARCH_USER_PATHS = NO;
				CLANG_ANALYZER_NONNULL = YES;
				CLANG_ANALYZER_NUMBER_OBJECT_CONVERSION = YES_AGGRESSIVE;
				CLANG_CXX_LANGUAGE_STANDARD = "gnu++14";
				CLANG_CXX_LIBRARY = "libc++";
				CLANG_ENABLE_MODULES = YES;
				CLANG_ENABLE_OBJC_ARC = YES;
				CLANG_WARN_BLOCK_CAPTURE_AUTORELEASING = YES;
				CLANG_WARN_BOOL_CONVERSION = YES;
				CLANG_WARN_COMMA = YES;
				CLANG_WARN_CONSTANT_CONVERSION = YES;
				CLANG_WARN_DIRECT_OBJC_ISA_USAGE = YES_ERROR;
				CLANG_WARN_DOCUMENTATION_COMMENTS = YES;
				CLANG_WARN_EMPTY_BODY = YES;
				CLANG_WARN_ENUM_CONVERSION = YES;
				CLANG_WARN_INFINITE_RECURSION = YES;
				CLANG_WARN_INT_CONVERSION = YES;
				CLANG_WARN_NON_LITERAL_NULL_CONVERSION = YES;
				CLANG_WARN_OBJC_LITERAL_CONVERSION = YES;
				CLANG_WARN_OBJC_ROOT_CLASS = YES_ERROR;
				CLANG_WARN_RANGE_LOOP_ANALYSIS = YES;
				CLANG_WARN_STRICT_PROTOTYPES = YES;
				CLANG_WARN_SUSPICIOUS_MOVE = YES;
				CLANG_WARN_UNGUARDED_AVAILABILITY = YES_AGGRESSIVE;
				CLANG_WARN_UNREACHABLE_CODE = YES;
				CLANG_WARN__DUPLICATE_METHOD_MATCH = YES;
				CODE_SIGN_IDENTITY = "iPhone Developer";
				COPY_PHASE_STRIP = NO;
				DEBUG_INFORMATION_FORMAT = "dwarf-with-dsym";
				ENABLE_NS_ASSERTIONS = NO;
				ENABLE_STRICT_OBJC_MSGSEND = YES;
				GCC_C_LANGUAGE_STANDARD = gnu11;
				GCC_NO_COMMON_BLOCKS = YES;
				GCC_WARN_64_TO_32_BIT_CONVERSION = YES;
				GCC_WARN_ABOUT_RETURN_TYPE = YES_ERROR;
				GCC_WARN_UNDECLARED_SELECTOR = YES;
				GCC_WARN_UNINITIALIZED_AUTOS = YES_AGGRESSIVE;
				GCC_WARN_UNUSED_FUNCTION = YES;
				GCC_WARN_UNUSED_VARIABLE = YES;
				IPHONEOS_DEPLOYMENT_TARGET = 11.2;
				MTL_ENABLE_DEBUG_INFO = NO;
				SDKROOT = iphoneos;
				VALIDATE_PRODUCT = YES;
			};
			name = Release;
		};
		EA277A2820F4C2D200F2E44C /* Debug */ = {
			isa = XCBuildConfiguration;
			buildSettings = {
				ASSETCATALOG_COMPILER_APPICON_NAME = AppIcon;
				CODE_SIGN_STYLE = Automatic;
				DEVELOPMENT_TEAM = F64JZB732Z;
				INFOPLIST_FILE = ArrestsPlotter/Info.plist;
				LD_RUNPATH_SEARCH_PATHS = "$(inherited) @executable_path/Frameworks";
				PRODUCT_BUNDLE_IDENTIFIER = com.volansys.ArrestsPlotter;
				PRODUCT_NAME = "$(TARGET_NAME)";
				TARGETED_DEVICE_FAMILY = "1,2";
			};
			name = Debug;
		};
		EA277A2920F4C2D200F2E44C /* Release */ = {
			isa = XCBuildConfiguration;
			buildSettings = {
				ASSETCATALOG_COMPILER_APPICON_NAME = AppIcon;
				CODE_SIGN_STYLE = Automatic;
				DEVELOPMENT_TEAM = F64JZB732Z;
				INFOPLIST_FILE = ArrestsPlotter/Info.plist;
				LD_RUNPATH_SEARCH_PATHS = "$(inherited) @executable_path/Frameworks";
				PRODUCT_BUNDLE_IDENTIFIER = com.volansys.ArrestsPlotter;
				PRODUCT_NAME = "$(TARGET_NAME)";
				TARGETED_DEVICE_FAMILY = "1,2";
			};
			name = Release;
		};
/* End XCBuildConfiguration section */

/* Begin XCConfigurationList section */
		EA277A0C20F4C2D100F2E44C /* Build configuration list for PBXProject "ArrestsPlotter" */ = {
			isa = XCConfigurationList;
			buildConfigurations = (
				EA277A2520F4C2D200F2E44C /* Debug */,
				EA277A2620F4C2D200F2E44C /* Release */,
			);
			defaultConfigurationIsVisible = 0;
			defaultConfigurationName = Release;
		};
		EA277A2720F4C2D200F2E44C /* Build configuration list for PBXNativeTarget "ArrestsPlotter" */ = {
			isa = XCConfigurationList;
			buildConfigurations = (
				EA277A2820F4C2D200F2E44C /* Debug */,
				EA277A2920F4C2D200F2E44C /* Release */,
			);
			defaultConfigurationIsVisible = 0;
			defaultConfigurationName = Release;
		};
/* End XCConfigurationList section */
	};
	rootObject = EA277A0920F4C2D100F2E44C /* Project object */;
}
