// !$*UTF8*$!
{
	archiveVersion = 1;
	classes = {
	};
	objectVersion = 48;
	objects = {

/* Begin PBXBuildFile section */
		EA793E5F20F75F9E00B73426 /* AppDelegate.swift in Sources */ = {isa = PBXBuildFile; fileRef = EA793E5E20F75F9E00B73426 /* AppDelegate.swift */; };
		EA793E6120F75F9E00B73426 /* ViewController.swift in Sources */ = {isa = PBXBuildFile; fileRef = EA793E6020F75F9E00B73426 /* ViewController.swift */; };
		EA793E6420F75F9E00B73426 /* Main.storyboard in Resources */ = {isa = PBXBuildFile; fileRef = EA793E6220F75F9E00B73426 /* Main.storyboard */; };
		EA793E6620F75F9E00B73426 /* Assets.xcassets in Resources */ = {isa = PBXBuildFile; fileRef = EA793E6520F75F9E00B73426 /* Assets.xcassets */; };
		EA793E6920F75F9E00B73426 /* LaunchScreen.storyboard in Resources */ = {isa = PBXBuildFile; fileRef = EA793E6720F75F9E00B73426 /* LaunchScreen.storyboard */; };
/* End PBXBuildFile section */

/* Begin PBXFileReference section */
		EA793E5B20F75F9E00B73426 /* PNdemo.app */ = {isa = PBXFileReference; explicitFileType = wrapper.application; includeInIndex = 0; path = PNdemo.app; sourceTree = BUILT_PRODUCTS_DIR; };
		EA793E5E20F75F9E00B73426 /* AppDelegate.swift */ = {isa = PBXFileReference; lastKnownFileType = sourcecode.swift; path = AppDelegate.swift; sourceTree = "<group>"; };
		EA793E6020F75F9E00B73426 /* ViewController.swift */ = {isa = PBXFileReference; lastKnownFileType = sourcecode.swift; path = ViewController.swift; sourceTree = "<group>"; };
		EA793E6320F75F9E00B73426 /* Base */ = {isa = PBXFileReference; lastKnownFileType = file.storyboard; name = Base; path = Base.lproj/Main.storyboard; sourceTree = "<group>"; };
		EA793E6520F75F9E00B73426 /* Assets.xcassets */ = {isa = PBXFileReference; lastKnownFileType = folder.assetcatalog; path = Assets.xcassets; sourceTree = "<group>"; };
		EA793E6820F75F9E00B73426 /* Base */ = {isa = PBXFileReference; lastKnownFileType = file.storyboard; name = Base; path = Base.lproj/LaunchScreen.storyboard; sourceTree = "<group>"; };
		EA793E6A20F75F9E00B73426 /* Info.plist */ = {isa = PBXFileReference; lastKnownFileType = text.plist.xml; path = Info.plist; sourceTree = "<group>"; };
		EA793E7020F75FBC00B73426 /* PNdemo.entitlements */ = {isa = PBXFileReference; lastKnownFileType = text.plist.entitlements; path = PNdemo.entitlements; sourceTree = "<group>"; };
/* End PBXFileReference section */

/* Begin PBXFrameworksBuildPhase section */
		EA793E5820F75F9E00B73426 /* Frameworks */ = {
			isa = PBXFrameworksBuildPhase;
			buildActionMask = 2147483647;
			files = (
			);
			runOnlyForDeploymentPostprocessing = 0;
		};
/* End PBXFrameworksBuildPhase section */

/* Begin PBXGroup section */
		EA793E5220F75F9E00B73426 = {
			isa = PBXGroup;
			children = (
				EA793E5D20F75F9E00B73426 /* PNdemo */,
				EA793E5C20F75F9E00B73426 /* Products */,
			);
			sourceTree = "<group>";
		};
		EA793E5C20F75F9E00B73426 /* Products */ = {
			isa = PBXGroup;
			children = (
				EA793E5B20F75F9E00B73426 /* PNdemo.app */,
			);
			name = Products;
			sourceTree = "<group>";
		};
		EA793E5D20F75F9E00B73426 /* PNdemo */ = {
			isa = PBXGroup;
			children = (
				EA793E7020F75FBC00B73426 /* PNdemo.entitlements */,
				EA793E5E20F75F9E00B73426 /* AppDelegate.swift */,
				EA793E6020F75F9E00B73426 /* ViewController.swift */,
				EA793E6220F75F9E00B73426 /* Main.storyboard */,
				EA793E6520F75F9E00B73426 /* Assets.xcassets */,
				EA793E6720F75F9E00B73426 /* LaunchScreen.storyboard */,
				EA793E6A20F75F9E00B73426 /* Info.plist */,
			);
			path = PNdemo;
			sourceTree = "<group>";
		};
/* End PBXGroup section */

/* Begin PBXNativeTarget section */
		EA793E5A20F75F9E00B73426 /* PNdemo */ = {
			isa = PBXNativeTarget;
			buildConfigurationList = EA793E6D20F75F9E00B73426 /* Build configuration list for PBXNativeTarget "PNdemo" */;
			buildPhases = (
				EA793E5720F75F9E00B73426 /* Sources */,
				EA793E5820F75F9E00B73426 /* Frameworks */,
				EA793E5920F75F9E00B73426 /* Resources */,
			);
			buildRules = (
			);
			dependencies = (
			);
			name = PNdemo;
			productName = PNdemo;
			productReference = EA793E5B20F75F9E00B73426 /* PNdemo.app */;
			productType = "com.apple.product-type.application";
		};
/* End PBXNativeTarget section */

/* Begin PBXProject section */
		EA793E5320F75F9E00B73426 /* Project object */ = {
			isa = PBXProject;
			attributes = {
				LastSwiftUpdateCheck = 0920;
				LastUpgradeCheck = 0920;
				ORGANIZATIONNAME = "Monil Gandhi";
				TargetAttributes = {
					EA793E5A20F75F9E00B73426 = {
						CreatedOnToolsVersion = 9.2;
						ProvisioningStyle = Manual;
						SystemCapabilities = {
							com.apple.BackgroundModes = {
								enabled = 1;
							};
							com.apple.Push = {
								enabled = 1;
							};
						};
					};
				};
			};
			buildConfigurationList = EA793E5620F75F9E00B73426 /* Build configuration list for PBXProject "PNdemo" */;
			compatibilityVersion = "Xcode 8.0";
			developmentRegion = en;
			hasScannedForEncodings = 0;
			knownRegions = (
				en,
				Base,
			);
			mainGroup = EA793E5220F75F9E00B73426;
			productRefGroup = EA793E5C20F75F9E00B73426 /* Products */;
			projectDirPath = "";
			projectRoot = "";
			targets = (
				EA793E5A20F75F9E00B73426 /* PNdemo */,
			);
		};
/* End PBXProject section */

/* Begin PBXResourcesBuildPhase section */
		EA793E5920F75F9E00B73426 /* Resources */ = {
			isa = PBXResourcesBuildPhase;
			buildActionMask = 2147483647;
			files = (
				EA793E6920F75F9E00B73426 /* LaunchScreen.storyboard in Resources */,
				EA793E6620F75F9E00B73426 /* Assets.xcassets in Resources */,
				EA793E6420F75F9E00B73426 /* Main.storyboard in Resources */,
			);
			runOnlyForDeploymentPostprocessing = 0;
		};
/* End PBXResourcesBuildPhase section */

/* Begin PBXSourcesBuildPhase section */
		EA793E5720F75F9E00B73426 /* Sources */ = {
			isa = PBXSourcesBuildPhase;
			buildActionMask = 2147483647;
			files = (
				EA793E6120F75F9E00B73426 /* ViewController.swift in Sources */,
				EA793E5F20F75F9E00B73426 /* AppDelegate.swift in Sources */,
			);
			runOnlyForDeploymentPostprocessing = 0;
		};
/* End PBXSourcesBuildPhase section */

/* Begin PBXVariantGroup section */
		EA793E6220F75F9E00B73426 /* Main.storyboard */ = {
			isa = PBXVariantGroup;
			children = (
				EA793E6320F75F9E00B73426 /* Base */,
			);
			name = Main.storyboard;
			sourceTree = "<group>";
		};
		EA793E6720F75F9E00B73426 /* LaunchScreen.storyboard */ = {
			isa = PBXVariantGroup;
			children = (
				EA793E6820F75F9E00B73426 /* Base */,
			);
			name = LaunchScreen.storyboard;
			sourceTree = "<group>";
		};
/* End PBXVariantGroup section */

/* Begin XCBuildConfiguration section */
		EA793E6B20F75F9E00B73426 /* Debug */ = {
			isa = XCBuildConfiguration;
			buildSettings = {
				ALWAYS_SEARCH_USER_PATHS = NO;
				CLANG_ANALYZER_NONNULL = YES;
				CLANG_ANALYZER_NUMBER_OBJECT_CONVERSION = YES_AGGRESSIVE;
				CLANG_CXX_LANGUAGE_STANDARD = "gnu++14";
				CLANG_CXX_LIBRARY = "libc++";
				CLANG_ENABLE_MODULES = YES;
				CLANG_ENABLE_OBJC_ARC = YES;
				CLANG_WARN_BLOCK_CAPTURE_AUTORELEASING = YES;
				CLANG_WARN_BOOL_CONVERSION = YES;
				CLANG_WARN_COMMA = YES;
				CLANG_WARN_CONSTANT_CONVERSION = YES;
				CLANG_WARN_DIRECT_OBJC_ISA_USAGE = YES_ERROR;
				CLANG_WARN_DOCUMENTATION_COMMENTS = YES;
				CLANG_WARN_EMPTY_BODY = YES;
				CLANG_WARN_ENUM_CONVERSION = YES;
				CLANG_WARN_INFINITE_RECURSION = YES;
				CLANG_WARN_INT_CONVERSION = YES;
				CLANG_WARN_NON_LITERAL_NULL_CONVERSION = YES;
				CLANG_WARN_OBJC_LITERAL_CONVERSION = YES;
				CLANG_WARN_OBJC_ROOT_CLASS = YES_ERROR;
				CLANG_WARN_RANGE_LOOP_ANALYSIS = YES;
				CLANG_WARN_STRICT_PROTOTYPES = YES;
				CLANG_WARN_SUSPICIOUS_MOVE = YES;
				CLANG_WARN_UNGUARDED_AVAILABILITY = YES_AGGRESSIVE;
				CLANG_WARN_UNREACHABLE_CODE = YES;
				CLANG_WARN__DUPLICATE_METHOD_MATCH = YES;
				CODE_SIGN_IDENTITY = "iPhone Developer";
				COPY_PHASE_STRIP = NO;
				DEBUG_INFORMATION_FORMAT = dwarf;
				ENABLE_STRICT_OBJC_MSGSEND = YES;
				ENABLE_TESTABILITY = YES;
				GCC_C_LANGUAGE_STANDARD = gnu11;
				GCC_DYNAMIC_NO_PIC = NO;
				GCC_NO_COMMON_BLOCKS = YES;
				GCC_OPTIMIZATION_LEVEL = 0;
				GCC_PREPROCESSOR_DEFINITIONS = (
					"DEBUG=1",
					"$(inherited)",
				);
				GCC_WARN_64_TO_32_BIT_CONVERSION = YES;
				GCC_WARN_ABOUT_RETURN_TYPE = YES_ERROR;
				GCC_WARN_UNDECLARED_SELECTOR = YES;
				GCC_WARN_UNINITIALIZED_AUTOS = YES_AGGRESSIVE;
				GCC_WARN_UNUSED_FUNCTION = YES;
				GCC_WARN_UNUSED_VARIABLE = YES;
				IPHONEOS_DEPLOYMENT_TARGET = 11.2;
				MTL_ENABLE_DEBUG_INFO = YES;
				ONLY_ACTIVE_ARCH = YES;
				SDKROOT = iphoneos;
				SWIFT_ACTIVE_COMPILATION_CONDITIONS = DEBUG;
				SWIFT_OPTIMIZATION_LEVEL = "-Onone";
			};
			name = Debug;
		};
		EA793E6C20F75F9E00B73426 /* Release */ = {
			isa = XCBuildConfiguration;
			buildSettings = {
				ALWAYS_SEARCH_USER_PATHS = NO;
				CLANG_ANALYZER_NONNULL = YES;
				CLANG_ANALYZER_NUMBER_OBJECT_CONVERSION = YES_AGGRESSIVE;
				CLANG_CXX_LANGUAGE_STANDARD = "gnu++14";
				CLANG_CXX_LIBRARY = "libc++";
				CLANG_ENABLE_MODULES = YES;
				CLANG_ENABLE_OBJC_ARC = YES;
				CLANG_WARN_BLOCK_CAPTURE_AUTORELEASING = YES;
				CLANG_WARN_BOOL_CONVERSION = YES;
				CLANG_WARN_COMMA = YES;
				CLANG_WARN_CONSTANT_CONVERSION = YES;
				CLANG_WARN_DIRECT_OBJC_ISA_USAGE = YES_ERROR;
				CLANG_WARN_DOCUMENTATION_COMMENTS = YES;
				CLANG_WARN_EMPTY_BODY = YES;
				CLANG_WARN_ENUM_CONVERSION = YES;
				CLANG_WARN_INFINITE_RECURSION = YES;
				CLANG_WARN_INT_CONVERSION = YES;
				CLANG_WARN_NON_LITERAL_NULL_CONVERSION = YES;
				CLANG_WARN_OBJC_LITERAL_CONVERSION = YES;
				CLANG_WARN_OBJC_ROOT_CLASS = YES_ERROR;
				CLANG_WARN_RANGE_LOOP_ANALYSIS = YES;
				CLANG_WARN_STRICT_PROTOTYPES = YES;
				CLANG_WARN_SUSPICIOUS_MOVE = YES;
				CLANG_WARN_UNGUARDED_AVAILABILITY = YES_AGGRESSIVE;
				CLANG_WARN_UNREACHABLE_CODE = YES;
				CLANG_WARN__DUPLICATE_METHOD_MATCH = YES;
				CODE_SIGN_IDENTITY = "iPhone Developer";
				COPY_PHASE_STRIP = NO;
				DEBUG_INFORMATION_FORMAT = "dwarf-with-dsym";
				ENABLE_NS_ASSERTIONS = NO;
				ENABLE_STRICT_OBJC_MSGSEND = YES;
				GCC_C_LANGUAGE_STANDARD = gnu11;
				GCC_NO_COMMON_BLOCKS = YES;
				GCC_WARN_64_TO_32_BIT_CONVERSION = YES;
				GCC_WARN_ABOUT_RETURN_TYPE = YES_ERROR;
				GCC_WARN_UNDECLARED_SELECTOR = YES;
				GCC_WARN_UNINITIALIZED_AUTOS = YES_AGGRESSIVE;
				GCC_WARN_UNUSED_FUNCTION = YES;
				GCC_WARN_UNUSED_VARIABLE = YES;
				IPHONEOS_DEPLOYMENT_TARGET = 11.2;
				MTL_ENABLE_DEBUG_INFO = NO;
				SDKROOT = iphoneos;
				SWIFT_OPTIMIZATION_LEVEL = "-Owholemodule";
				VALIDATE_PRODUCT = YES;
			};
			name = Release;
		};
		EA793E6E20F75F9E00B73426 /* Debug */ = {
			isa = XCBuildConfiguration;
			buildSettings = {
				ASSETCATALOG_COMPILER_APPICON_NAME = AppIcon;
				CODE_SIGN_ENTITLEMENTS = PNdemo/PNdemo.entitlements;
				CODE_SIGN_STYLE = Manual;
				DEVELOPMENT_TEAM = 68L27Q5KGU;
				INFOPLIST_FILE = PNdemo/Info.plist;
				IPHONEOS_DEPLOYMENT_TARGET = 9.0;
				LD_RUNPATH_SEARCH_PATHS = "$(inherited) @executable_path/Frameworks";
				PRODUCT_BUNDLE_IDENTIFIER = com.volansys.remotenotification;
				PRODUCT_NAME = "$(TARGET_NAME)";
				PROVISIONING_PROFILE = "949656fa-d930-4c80-baa9-1722d8e46911";
				PROVISIONING_PROFILE_SPECIFIER = Remotenotification_Dev_16;
				SWIFT_VERSION = 4.0;
				TARGETED_DEVICE_FAMILY = "1,2";
			};
			name = Debug;
		};
		EA793E6F20F75F9E00B73426 /* Release */ = {
			isa = XCBuildConfiguration;
			buildSettings = {
				ASSETCATALOG_COMPILER_APPICON_NAME = AppIcon;
				CODE_SIGN_ENTITLEMENTS = PNdemo/PNdemo.entitlements;
				CODE_SIGN_STYLE = Manual;
				DEVELOPMENT_TEAM = 68L27Q5KGU;
				INFOPLIST_FILE = PNdemo/Info.plist;
				IPHONEOS_DEPLOYMENT_TARGET = 9.0;
				LD_RUNPATH_SEARCH_PATHS = "$(inherited) @executable_path/Frameworks";
				PRODUCT_BUNDLE_IDENTIFIER = com.volansys.remotenotification;
				PRODUCT_NAME = "$(TARGET_NAME)";
				PROVISIONING_PROFILE = "949656fa-d930-4c80-baa9-1722d8e46911";
				PROVISIONING_PROFILE_SPECIFIER = Remotenotification_Dev_16;
				SWIFT_VERSION = 4.0;
				TARGETED_DEVICE_FAMILY = "1,2";
			};
			name = Release;
		};
/* End XCBuildConfiguration section */

/* Begin XCConfigurationList section */
		EA793E5620F75F9E00B73426 /* Build configuration list for PBXProject "PNdemo" */ = {
			isa = XCConfigurationList;
			buildConfigurations = (
				EA793E6B20F75F9E00B73426 /* Debug */,
				EA793E6C20F75F9E00B73426 /* Release */,
			);
			defaultConfigurationIsVisible = 0;
			defaultConfigurationName = Release;
		};
		EA793E6D20F75F9E00B73426 /* Build configuration list for PBXNativeTarget "PNdemo" */ = {
			isa = XCConfigurationList;
			buildConfigurations = (
				EA793E6E20F75F9E00B73426 /* Debug */,
				EA793E6F20F75F9E00B73426 /* Release */,
			);
			defaultConfigurationIsVisible = 0;
			defaultConfigurationName = Release;
		};
/* End XCConfigurationList section */
	};
	rootObject = EA793E5320F75F9E00B73426 /* Project object */;
}
